
Microsoft Visual Studio Solution File, Format Version 12.00
# Visual Studio Version 16
VisualStudioVersion = 25.0.1704.5
MinimumVisualStudioVersion = 10.0.40219.1
Project("{FAE04EC0-301F-11D3-BF4B-00C04F79EFBC}") = "SampleProject.UsefulTypes", "SampleProject.UsefulTypes\SampleProject.UsefulTypes.csproj", "{29958DFF-A4E3-4C6B-A753-C1915A6A5C02}"
EndProject
Global
	GlobalSection(SolutionConfigurationPlatforms) = preSolution
		Debug|Any CPU = Debug|Any CPU
		Release|Any CPU = Release|Any CPU
	EndGlobalSection
	GlobalSection(ProjectConfigurationPlatforms) = postSolution
		{29958DFF-A4E3-4C6B-A753-C1915A6A5C02}.Debug|Any CPU.ActiveCfg = Debug|Any CPU
		{29958DFF-A4E3-4C6B-A753-C1915A6A5C02}.Debug|Any CPU.Build.0 = Debug|Any CPU
		{29958DFF-A4E3-4C6B-A753-C1915A6A5C02}.Release|Any CPU.ActiveCfg = Release|Any CPU
		{29958DFF-A4E3-4C6B-A753-C1915A6A5C02}.Release|Any CPU.Build.0 = Release|Any CPU
	EndGlobalSection
	GlobalSection(SolutionProperties) = preSolution
		HideSolutionNode = FALSE
	EndGlobalSection
	GlobalSection(ExtensibilityGlobals) = postSolution
		SolutionGuid = {75C103FA-795E-4523-A40B-4427AB9CC6BC}
	EndGlobalSection
EndGlobal
